
Microsoft Visual Studio Solution File, Format Version 12.00
# Visual Studio Version 16
VisualStudioVersion = 16.0.30907.101
MinimumVisualStudioVersion = 10.0.40219.1
Project("{9A19103F-16F7-4668-BE54-9A1E7A4F7556}") = "LittleFlowerKalewadi.Server", "LittleFlowerKalewadi\Server\LittleFlowerKalewadi.Server.csproj", "{A80C81FA-D9FC-432E-BF5C-71522DD3FEC2}"
EndProject
Project("{9A19103F-16F7-4668-BE54-9A1E7A4F7556}") = "LittleFlowerKalewadi.Client", "LittleFlowerKalewadi\Client\LittleFlowerKalewadi.Client.csproj", "{893E71F8-5B6A-483B-B40D-28E96A225A8E}"
EndProject
Project("{9A19103F-16F7-4668-BE54-9A1E7A4F7556}") = "LittleFlowerKalewadi.Shared", "LittleFlowerKalewadi\Shared\LittleFlowerKalewadi.Shared.csproj", "{F5C9F9AC-AD49-4AE1-A244-EBC57BC51CA1}"
EndProject
Global
	GlobalSection(SolutionConfigurationPlatforms) = preSolution
		Debug|Any CPU = Debug|Any CPU
		Release|Any CPU = Release|Any CPU
	EndGlobalSection
	GlobalSection(ProjectConfigurationPlatforms) = postSolution
		{A80C81FA-D9FC-432E-BF5C-71522DD3FEC2}.Debug|Any CPU.ActiveCfg = Debug|Any CPU
		{A80C81FA-D9FC-432E-BF5C-71522DD3FEC2}.Debug|Any CPU.Build.0 = Debug|Any CPU
		{A80C81FA-D9FC-432E-BF5C-71522DD3FEC2}.Release|Any CPU.ActiveCfg = Release|Any CPU
		{A80C81FA-D9FC-432E-BF5C-71522DD3FEC2}.Release|Any CPU.Build.0 = Release|Any CPU
		{893E71F8-5B6A-483B-B40D-28E96A225A8E}.Debug|Any CPU.ActiveCfg = Debug|Any CPU
		{893E71F8-5B6A-483B-B40D-28E96A225A8E}.Debug|Any CPU.Build.0 = Debug|Any CPU
		{893E71F8-5B6A-483B-B40D-28E96A225A8E}.Release|Any CPU.ActiveCfg = Release|Any CPU
		{893E71F8-5B6A-483B-B40D-28E96A225A8E}.Release|Any CPU.Build.0 = Release|Any CPU
		{F5C9F9AC-AD49-4AE1-A244-EBC57BC51CA1}.Debug|Any CPU.ActiveCfg = Debug|Any CPU
		{F5C9F9AC-AD49-4AE1-A244-EBC57BC51CA1}.Debug|Any CPU.Build.0 = Debug|Any CPU
		{F5C9F9AC-AD49-4AE1-A244-EBC57BC51CA1}.Release|Any CPU.ActiveCfg = Release|Any CPU
		{F5C9F9AC-AD49-4AE1-A244-EBC57BC51CA1}.Release|Any CPU.Build.0 = Release|Any CPU
	EndGlobalSection
	GlobalSection(SolutionProperties) = preSolution
		HideSolutionNode = FALSE
	EndGlobalSection
	GlobalSection(ExtensibilityGlobals) = postSolution
		SolutionGuid = {78BF6CE0-A4F8-4E46-8741-E6B9F6AB3174}
	EndGlobalSection
EndGlobal
